<?xml version="1.0" encoding="utf-8"?>
<Project ToolsVersion="4.0" xmlns="http://schemas.microsoft.com/developer/msbuild/2003">
  <ItemGroup>
    <Filter Include="Source Files">
      <UniqueIdentifier>{4FC737F1-C7A5-4376-A066-2A32D752A2FF}</UniqueIdentifier>
      <Extensions>cpp;c;cc;cxx;def;odl;idl;hpj;bat;asm;asmx</Extensions>
    </Filter>
    <Filter Include="Header Files">
      <UniqueIdentifier>{93995380-89BD-4b04-88EB-625FBE52EBFB}</UniqueIdentifier>
      <Extensions>h;hh;hpp;hxx;hm;inl;inc;xsd</Extensions>
    </Filter>
    <Filter Include="Resource Files">
      <UniqueIdentifier>{67DA6AB6-F800-4c08-8B7A-83BB121AAD01}</UniqueIdentifier>
      <Extensions>rc;ico;cur;bmp;dlg;rc2;rct;bin;rgs;gif;jpg;jpeg;jpe;resx;tiff;tif;png;wav;mfcribbon-ms</Extensions>
    </Filter>
    <Filter Include="Shader">
      <UniqueIdentifier>{8fc2c45a-a417-48e5-be68-3c21fd572cde}</UniqueIdentifier>
    </Filter>
    <Filter Include="util">
      <UniqueIdentifier>{c438b1f4-fac4-4d84-b325-4d29fb437749}</UniqueIdentifier>
    </Filter>
    <Filter Include="util\lodepng">
      <UniqueIdentifier>{fb156eb3-089c-4f82-a809-17f3ea3dcdfb}</UniqueIdentifier>
    </Filter>
    <Filter Include="util\imgui">
      <UniqueIdentifier>{33893542-4064-46b4-b03e-f4d6754d1f03}</UniqueIdentifier>
    </Filter>
    <Filter Include="util\ticpp">
      <UniqueIdentifier>{e3baaf71-4f8e-43c3-b5a5-8aef4ed2adf3}</UniqueIdentifier>
    </Filter>
    <Filter Include="util\had">
      <UniqueIdentifier>{d582d93f-bed6-4784-9638-246f7a6070d2}</UniqueIdentifier>
    </Filter>
  </ItemGroup>
  <ItemGroup>
    <ClCompile Include="Main.cpp">
      <Filter>Source Files</Filter>
    </ClCompile>
    <ClCompile Include="Shader.cpp">
      <Filter>Source Files</Filter>
    </ClCompile>
    <ClCompile Include="Texture.cpp">
      <Filter>Source Files</Filter>
    </ClCompile>
    <ClCompile Include="TextureBuffer.cpp">
      <Filter>Source Files</Filter>
    </ClCompile>
    <ClCompile Include="Timer.cpp">
      <Filter>Source Files</Filter>
    </ClCompile>
    <ClCompile Include="Input.cpp">
      <Filter>Source Files</Filter>
    </ClCompile>
    <ClCompile Include="VoxelGI.cpp">
      <Filter>Source Files</Filter>
    </ClCompile>
    <ClCompile Include="Camera.cpp">
      <Filter>Source Files</Filter>
    </ClCompile>
    <ClCompile Include="Mesh.cpp">
      <Filter>Source Files</Filter>
    </ClCompile>
    <ClCompile Include="MeshLoader.cpp">
      <Filter>Source Files</Filter>
    </ClCompile>
    <ClCompile Include="SceneNode.cpp">
      <Filter>Source Files</Filter>
    </ClCompile>
    <ClCompile Include="NodeTransform.cpp">
      <Filter>Source Files</Filter>
    </ClCompile>
    <ClCompile Include="VertexArray.cpp">
      <Filter>Source Files</Filter>
    </ClCompile>
    <ClCompile Include="VoxelNode.cpp">
      <Filter>Source Files</Filter>
    </ClCompile>
    <ClCompile Include="VoxelVisualisation.cpp">
      <Filter>Source Files</Filter>
    </ClCompile>
    <ClCompile Include="VoxelConeDoubleTracingEnvironment.cpp">
      <Filter>Source Files</Filter>
    </ClCompile>
    <ClCompile Include="TestEnvironment.cpp">
      <Filter>Source Files</Filter>
    </ClCompile>
    <ClCompile Include="Ray.cpp">
      <Filter>Source Files</Filter>
    </ClCompile>
    <ClCompile Include="imgui\imgui_draw.cpp">
      <Filter>util\imgui</Filter>
    </ClCompile>
    <ClCompile Include="imgui\imgui.cpp">
      <Filter>util\imgui</Filter>
    </ClCompile>
    <ClCompile Include="imgui\imgui_impl_glfw_gl3.cpp">
      <Filter>util\imgui</Filter>
    </ClCompile>
    <ClCompile Include="lodepng\lodepng.cpp">
      <Filter>util\lodepng</Filter>
    </ClCompile>
    <ClCompile Include="Gui.cpp">
      <Filter>Source Files</Filter>
    </ClCompile>
    <ClCompile Include="VoxelCell.cpp">
      <Filter>Source Files</Filter>
    </ClCompile>
    <ClCompile Include="RayTracerGLEnvironment.cpp">
      <Filter>Source Files</Filter>
    </ClCompile>
    <ClCompile Include="CameraControl.cpp">
      <Filter>Source Files</Filter>
    </ClCompile>
    <ClCompile Include="ticpp\tinyxml.cpp">
      <Filter>util\ticpp</Filter>
    </ClCompile>
    <ClCompile Include="ticpp\tinyxmlerror.cpp">
      <Filter>util\ticpp</Filter>
    </ClCompile>
    <ClCompile Include="ticpp\tinyxmlparser.cpp">
      <Filter>util\ticpp</Filter>
    </ClCompile>
    <ClCompile Include="ticpp\ticpp.cpp">
      <Filter>util\ticpp</Filter>
    </ClCompile>
    <ClCompile Include="ticpp\tinystr.cpp">
      <Filter>util\ticpp</Filter>
    </ClCompile>
    <ClCompile Include="VoxelInterpolatorKernel.cpp">
      <Filter>Source Files</Filter>
    </ClCompile>
    <ClCompile Include="RayTracerCpu.cpp">
      <Filter>Source Files</Filter>
    </ClCompile>
    <ClCompile Include="SceneNodeCpu.cpp">
      <Filter>Source Files</Filter>
    </ClCompile>
  </ItemGroup>
  <ItemGroup>
    <ClInclude Include="Input.h">
      <Filter>Header Files</Filter>
    </ClInclude>
    <ClInclude Include="Shader.h">
      <Filter>Header Files</Filter>
    </ClInclude>
    <ClInclude Include="Texture.h">
      <Filter>Header Files</Filter>
    </ClInclude>
    <ClInclude Include="TextureBuffer.h">
      <Filter>Header Files</Filter>
    </ClInclude>
    <ClInclude Include="Timer.h">
      <Filter>Header Files</Filter>
    </ClInclude>
    <ClInclude Include="VoxelGI.h">
      <Filter>Header Files</Filter>
    </ClInclude>
    <ClInclude Include="Camera.h">
      <Filter>Header Files</Filter>
    </ClInclude>
    <ClInclude Include="Mesh.h">
      <Filter>Header Files</Filter>
    </ClInclude>
    <ClInclude Include="MeshLoader.h">
      <Filter>Header Files</Filter>
    </ClInclude>
    <ClInclude Include="tiny_obj_loader.h">
      <Filter>Header Files</Filter>
    </ClInclude>
    <ClInclude Include="SceneNode.h">
      <Filter>Header Files</Filter>
    </ClInclude>
    <ClInclude Include="NodeTransform.h">
      <Filter>Header Files</Filter>
    </ClInclude>
    <ClInclude Include="VertexArray.h">
      <Filter>Header Files</Filter>
    </ClInclude>
    <ClInclude Include="VoxelNode.h">
      <Filter>Header Files</Filter>
    </ClInclude>
    <ClInclude Include="VoxelVisualisation.h">
      <Filter>Header Files</Filter>
    </ClInclude>
    <ClInclude Include="Environment.h">
      <Filter>Header Files</Filter>
    </ClInclude>
    <ClInclude Include="VoxelConeDoubleTracingEnvironment.h">
      <Filter>Header Files</Filter>
    </ClInclude>
    <ClInclude Include="TestEnvironment.h">
      <Filter>Header Files</Filter>
    </ClInclude>
    <ClInclude Include="Triangle.h">
      <Filter>Header Files</Filter>
    </ClInclude>
    <ClInclude Include="Vertex.h">
      <Filter>Header Files</Filter>
    </ClInclude>
    <ClInclude Include="Ray.h">
      <Filter>Header Files</Filter>
    </ClInclude>
    <ClInclude Include="imgui\imgui_internal.h">
      <Filter>util\imgui</Filter>
    </ClInclude>
    <ClInclude Include="imgui\stb_rect_pack.h">
      <Filter>util\imgui</Filter>
    </ClInclude>
    <ClInclude Include="imgui\stb_textedit.h">
      <Filter>util\imgui</Filter>
    </ClInclude>
    <ClInclude Include="imgui\stb_truetype.h">
      <Filter>util\imgui</Filter>
    </ClInclude>
    <ClInclude Include="imgui\imconfig.h">
      <Filter>util\imgui</Filter>
    </ClInclude>
    <ClInclude Include="imgui\imgui.h">
      <Filter>util\imgui</Filter>
    </ClInclude>
    <ClInclude Include="imgui\imgui_impl_glfw_gl3.h">
      <Filter>util\imgui</Filter>
    </ClInclude>
    <ClInclude Include="lodepng\lodepng.h">
      <Filter>util\lodepng</Filter>
    </ClInclude>
    <ClInclude Include="Plane.h">
      <Filter>Header Files</Filter>
    </ClInclude>
    <ClInclude Include="Geometry.h">
      <Filter>Header Files</Filter>
    </ClInclude>
    <ClInclude Include="Sphere.h">
      <Filter>Header Files</Filter>
    </ClInclude>
    <ClInclude Include="MultiBuffer.h">
      <Filter>Header Files</Filter>
    </ClInclude>
    <ClInclude Include="VoxelGeometry.h">
      <Filter>Header Files</Filter>
    </ClInclude>
    <ClInclude Include="Gui.h">
      <Filter>Header Files</Filter>
    </ClInclude>
    <ClInclude Include="AnyMatrix.h">
      <Filter>Header Files</Filter>
    </ClInclude>
    <ClInclude Include="VoxelCell.h">
      <Filter>Header Files</Filter>
    </ClInclude>
    <ClInclude Include="SignedDistanceGeometry.h">
      <Filter>Header Files</Filter>
    </ClInclude>
    <ClInclude Include="SignedDistanceSphere.h">
      <Filter>Header Files</Filter>
    </ClInclude>
    <ClInclude Include="SignedDistanceBox.h">
      <Filter>Header Files</Filter>
    </ClInclude>
    <ClInclude Include="SignedDistanceTorus.h">
      <Filter>Header Files</Filter>
    </ClInclude>
    <ClInclude Include="SignedDistanceTriangle.h">
      <Filter>Header Files</Filter>
    </ClInclude>
    <ClInclude Include="RayTracerGLEnvironment.h">
      <Filter>Header Files</Filter>
    </ClInclude>
    <ClInclude Include="CameraControl.h">
      <Filter>Header Files</Filter>
    </ClInclude>
    <ClInclude Include="SignedDistanceEllipsoid.h">
      <Filter>Header Files</Filter>
    </ClInclude>
    <ClInclude Include="ticpp\tinyxml.h">
      <Filter>util\ticpp</Filter>
    </ClInclude>
    <ClInclude Include="ticpp\ticpp.h">
      <Filter>util\ticpp</Filter>
    </ClInclude>
    <ClInclude Include="ticpp\ticppapi.h">
      <Filter>util\ticpp</Filter>
    </ClInclude>
    <ClInclude Include="ticpp\ticpprc.h">
      <Filter>util\ticpp</Filter>
    </ClInclude>
    <ClInclude Include="ticpp\tinystr.h">
      <Filter>util\ticpp</Filter>
    </ClInclude>
    <ClInclude Include="VoxelInterpolator.h">
      <Filter>Header Files</Filter>
    </ClInclude>
    <ClInclude Include="VoxelInterpolatorTrilinear.h">
      <Filter>Header Files</Filter>
    </ClInclude>
    <ClInclude Include="VoxelInterpolatorNearest.h">
      <Filter>Header Files</Filter>
    </ClInclude>
    <ClInclude Include="VoxelInterpolatorKernel.h">
      <Filter>Header Files</Filter>
    </ClInclude>
    <ClInclude Include="Texture2DCpu.h">
      <Filter>Header Files</Filter>
    </ClInclude>
    <ClInclude Include="RayTracerCpu.h">
      <Filter>Header Files</Filter>
    </ClInclude>
    <ClInclude Include="SceneNodeCpu.h">
      <Filter>Header Files</Filter>
    </ClInclude>
    <ClInclude Include="RayTracerCpuEnvironment.h">
      <Filter>Header Files</Filter>
    </ClInclude>
    <ClInclude Include="Interpolation.h">
      <Filter>Header Files</Filter>
    </ClInclude>
    <ClInclude Include="SignedDistanceBend.h">
      <Filter>Header Files</Filter>
    </ClInclude>
    <ClInclude Include="SignedDistanceMesh.h">
      <Filter>Header Files</Filter>
    </ClInclude>
    <ClInclude Include="GLState.h">
      <Filter>Header Files</Filter>
    </ClInclude>
  </ItemGroup>
  <ItemGroup>
    <None Include="VoxelGI.vert">
      <Filter>Shader</Filter>
    </None>
    <None Include="VoxelGI.frag">
      <Filter>Shader</Filter>
    </None>
    <None Include="VoxelVisualisation.frag">
      <Filter>Shader</Filter>
    </None>
    <None Include="VoxelVisualisation.vert">
      <Filter>Shader</Filter>
    </None>
    <None Include="Test.frag">
      <Filter>Shader</Filter>
    </None>
    <None Include="Test.vert">
      <Filter>Shader</Filter>
    </None>
    <None Include="RayTracerGL.vert">
      <Filter>Shader</Filter>
    </None>
    <None Include="RayTracerGL.frag">
      <Filter>Shader</Filter>
    </None>
    <None Include="RayTracerCpu.frag">
      <Filter>Shader</Filter>
    </None>
    <None Include="RayTracerCpu.vert">
      <Filter>Shader</Filter>
    </None>
  </ItemGroup>
</Project>